// !$*UTF8*$!
{
	archiveVersion = 1;
	classes = {
	};
	objectVersion = 46;
	objects = {

/* Begin PBXBuildFile section */
		705BF2BD7E9D25034D445850 /* Pods_BootCamp.framework in Frameworks */ = {isa = PBXBuildFile; fileRef = 7DCD097DF54C7C831695C15D /* Pods_BootCamp.framework */; };
		743138091F7241F000386153 /* AppDelegate.swift in Sources */ = {isa = PBXBuildFile; fileRef = 743138081F7241F000386153 /* AppDelegate.swift */; };
		7431380B1F7241F000386153 /* ViewController.swift in Sources */ = {isa = PBXBuildFile; fileRef = 7431380A1F7241F000386153 /* ViewController.swift */; };
		7431380E1F7241F000386153 /* Main.storyboard in Resources */ = {isa = PBXBuildFile; fileRef = 7431380C1F7241F000386153 /* Main.storyboard */; };
		743138111F7241F000386153 /* BootCamp.xcdatamodeld in Sources */ = {isa = PBXBuildFile; fileRef = 7431380F1F7241F000386153 /* BootCamp.xcdatamodeld */; };
		743138131F7241F000386153 /* Assets.xcassets in Resources */ = {isa = PBXBuildFile; fileRef = 743138121F7241F000386153 /* Assets.xcassets */; };
		743138161F7241F000386153 /* LaunchScreen.storyboard in Resources */ = {isa = PBXBuildFile; fileRef = 743138141F7241F000386153 /* LaunchScreen.storyboard */; };
		743138211F7241F000386153 /* BootCampTests.swift in Sources */ = {isa = PBXBuildFile; fileRef = 743138201F7241F000386153 /* BootCampTests.swift */; };
		7431382C1F7241F000386153 /* BootCampUITests.swift in Sources */ = {isa = PBXBuildFile; fileRef = 7431382B1F7241F000386153 /* BootCampUITests.swift */; };
		7431383A1F724B3B00386153 /* Utility.swift in Sources */ = {isa = PBXBuildFile; fileRef = 743138391F724B3B00386153 /* Utility.swift */; };
		7431383B1F72560300386153 /* Utility.swift in Sources */ = {isa = PBXBuildFile; fileRef = 743138391F724B3B00386153 /* Utility.swift */; };
		C10B7A6249DCF4FA4FDACCD6 /* Pods_BootCampTests.framework in Frameworks */ = {isa = PBXBuildFile; fileRef = 95567BC8DEF9A4177EBA8DD2 /* Pods_BootCampTests.framework */; };
		CD472108C56F2FD3F86A6003 /* Pods_BootCampUITests.framework in Frameworks */ = {isa = PBXBuildFile; fileRef = 36AECDF0DB215A99B891F773 /* Pods_BootCampUITests.framework */; };
/* End PBXBuildFile section */

/* Begin PBXContainerItemProxy section */
		7431381D1F7241F000386153 /* PBXContainerItemProxy */ = {
			isa = PBXContainerItemProxy;
			containerPortal = 743137FD1F7241F000386153 /* Project object */;
			proxyType = 1;
			remoteGlobalIDString = 743138041F7241F000386153;
			remoteInfo = BootCamp;
		};
		743138281F7241F000386153 /* PBXContainerItemProxy */ = {
			isa = PBXContainerItemProxy;
			containerPortal = 743137FD1F7241F000386153 /* Project object */;
			proxyType = 1;
			remoteGlobalIDString = 743138041F7241F000386153;
			remoteInfo = BootCamp;
		};
/* End PBXContainerItemProxy section */

/* Begin PBXFileReference section */
		36AECDF0DB215A99B891F773 /* Pods_BootCampUITests.framework */ = {isa = PBXFileReference; explicitFileType = wrapper.framework; includeInIndex = 0; path = Pods_BootCampUITests.framework; sourceTree = BUILT_PRODUCTS_DIR; };
		72D434963627D98D5A12682F /* Pods-BootCampTests.release.xcconfig */ = {isa = PBXFileReference; includeInIndex = 1; lastKnownFileType = text.xcconfig; name = "Pods-BootCampTests.release.xcconfig"; path = "Pods/Target Support Files/Pods-BootCampTests/Pods-BootCampTests.release.xcconfig"; sourceTree = "<group>"; };
		743138051F7241F000386153 /* BootCamp.app */ = {isa = PBXFileReference; explicitFileType = wrapper.application; includeInIndex = 0; path = BootCamp.app; sourceTree = BUILT_PRODUCTS_DIR; };
		743138081F7241F000386153 /* AppDelegate.swift */ = {isa = PBXFileReference; lastKnownFileType = sourcecode.swift; path = AppDelegate.swift; sourceTree = "<group>"; };
		7431380A1F7241F000386153 /* ViewController.swift */ = {isa = PBXFileReference; lastKnownFileType = sourcecode.swift; path = ViewController.swift; sourceTree = "<group>"; };
		7431380D1F7241F000386153 /* Base */ = {isa = PBXFileReference; lastKnownFileType = file.storyboard; name = Base; path = Base.lproj/Main.storyboard; sourceTree = "<group>"; };
		743138101F7241F000386153 /* BootCamp.xcdatamodel */ = {isa = PBXFileReference; lastKnownFileType = wrapper.xcdatamodel; path = BootCamp.xcdatamodel; sourceTree = "<group>"; };
		743138121F7241F000386153 /* Assets.xcassets */ = {isa = PBXFileReference; lastKnownFileType = folder.assetcatalog; path = Assets.xcassets; sourceTree = "<group>"; };
		743138151F7241F000386153 /* Base */ = {isa = PBXFileReference; lastKnownFileType = file.storyboard; name = Base; path = Base.lproj/LaunchScreen.storyboard; sourceTree = "<group>"; };
		743138171F7241F000386153 /* Info.plist */ = {isa = PBXFileReference; lastKnownFileType = text.plist.xml; path = Info.plist; sourceTree = "<group>"; };
		7431381C1F7241F000386153 /* BootCampTests.xctest */ = {isa = PBXFileReference; explicitFileType = wrapper.cfbundle; includeInIndex = 0; path = BootCampTests.xctest; sourceTree = BUILT_PRODUCTS_DIR; };
		743138201F7241F000386153 /* BootCampTests.swift */ = {isa = PBXFileReference; lastKnownFileType = sourcecode.swift; path = BootCampTests.swift; sourceTree = "<group>"; };
		743138221F7241F000386153 /* Info.plist */ = {isa = PBXFileReference; lastKnownFileType = text.plist.xml; path = Info.plist; sourceTree = "<group>"; };
		743138271F7241F000386153 /* BootCampUITests.xctest */ = {isa = PBXFileReference; explicitFileType = wrapper.cfbundle; includeInIndex = 0; path = BootCampUITests.xctest; sourceTree = BUILT_PRODUCTS_DIR; };
		7431382B1F7241F000386153 /* BootCampUITests.swift */ = {isa = PBXFileReference; lastKnownFileType = sourcecode.swift; path = BootCampUITests.swift; sourceTree = "<group>"; };
		7431382D1F7241F000386153 /* Info.plist */ = {isa = PBXFileReference; lastKnownFileType = text.plist.xml; path = Info.plist; sourceTree = "<group>"; };
		743138391F724B3B00386153 /* Utility.swift */ = {isa = PBXFileReference; fileEncoding = 4; lastKnownFileType = sourcecode.swift; path = Utility.swift; sourceTree = "<group>"; };
		79B1CD552C768F9720218790 /* Pods-BootCampUITests.release.xcconfig */ = {isa = PBXFileReference; includeInIndex = 1; lastKnownFileType = text.xcconfig; name = "Pods-BootCampUITests.release.xcconfig"; path = "Pods/Target Support Files/Pods-BootCampUITests/Pods-BootCampUITests.release.xcconfig"; sourceTree = "<group>"; };
		7DCD097DF54C7C831695C15D /* Pods_BootCamp.framework */ = {isa = PBXFileReference; explicitFileType = wrapper.framework; includeInIndex = 0; path = Pods_BootCamp.framework; sourceTree = BUILT_PRODUCTS_DIR; };
		95567BC8DEF9A4177EBA8DD2 /* Pods_BootCampTests.framework */ = {isa = PBXFileReference; explicitFileType = wrapper.framework; includeInIndex = 0; path = Pods_BootCampTests.framework; sourceTree = BUILT_PRODUCTS_DIR; };
		A4CECA709194C59209E8FB57 /* Pods-BootCampUITests.debug.xcconfig */ = {isa = PBXFileReference; includeInIndex = 1; lastKnownFileType = text.xcconfig; name = "Pods-BootCampUITests.debug.xcconfig"; path = "Pods/Target Support Files/Pods-BootCampUITests/Pods-BootCampUITests.debug.xcconfig"; sourceTree = "<group>"; };
		BA9B3EF9820FDDF964E472A3 /* Pods-BootCampTests.debug.xcconfig */ = {isa = PBXFileReference; includeInIndex = 1; lastKnownFileType = text.xcconfig; name = "Pods-BootCampTests.debug.xcconfig"; path = "Pods/Target Support Files/Pods-BootCampTests/Pods-BootCampTests.debug.xcconfig"; sourceTree = "<group>"; };
		E0A7F4340EE6D64E3B7B2D60 /* Pods-BootCamp.release.xcconfig */ = {isa = PBXFileReference; includeInIndex = 1; lastKnownFileType = text.xcconfig; name = "Pods-BootCamp.release.xcconfig"; path = "Pods/Target Support Files/Pods-BootCamp/Pods-BootCamp.release.xcconfig"; sourceTree = "<group>"; };
		FDD743F76A25BF90DA9E2B82 /* Pods-BootCamp.debug.xcconfig */ = {isa = PBXFileReference; includeInIndex = 1; lastKnownFileType = text.xcconfig; name = "Pods-BootCamp.debug.xcconfig"; path = "Pods/Target Support Files/Pods-BootCamp/Pods-BootCamp.debug.xcconfig"; sourceTree = "<group>"; };
/* End PBXFileReference section */

/* Begin PBXFrameworksBuildPhase section */
		743138021F7241F000386153 /* Frameworks */ = {
			isa = PBXFrameworksBuildPhase;
			buildActionMask = 2147483647;
			files = (
				705BF2BD7E9D25034D445850 /* Pods_BootCamp.framework in Frameworks */,
			);
			runOnlyForDeploymentPostprocessing = 0;
		};
		743138191F7241F000386153 /* Frameworks */ = {
			isa = PBXFrameworksBuildPhase;
			buildActionMask = 2147483647;
			files = (
				C10B7A6249DCF4FA4FDACCD6 /* Pods_BootCampTests.framework in Frameworks */,
			);
			runOnlyForDeploymentPostprocessing = 0;
		};
		743138241F7241F000386153 /* Frameworks */ = {
			isa = PBXFrameworksBuildPhase;
			buildActionMask = 2147483647;
			files = (
				CD472108C56F2FD3F86A6003 /* Pods_BootCampUITests.framework in Frameworks */,
			);
			runOnlyForDeploymentPostprocessing = 0;
		};
/* End PBXFrameworksBuildPhase section */

/* Begin PBXGroup section */
		1C39B630560252572F98C147 /* Pods */ = {
			isa = PBXGroup;
			children = (
				FDD743F76A25BF90DA9E2B82 /* Pods-BootCamp.debug.xcconfig */,
				E0A7F4340EE6D64E3B7B2D60 /* Pods-BootCamp.release.xcconfig */,
				BA9B3EF9820FDDF964E472A3 /* Pods-BootCampTests.debug.xcconfig */,
				72D434963627D98D5A12682F /* Pods-BootCampTests.release.xcconfig */,
				A4CECA709194C59209E8FB57 /* Pods-BootCampUITests.debug.xcconfig */,
				79B1CD552C768F9720218790 /* Pods-BootCampUITests.release.xcconfig */,
			);
			name = Pods;
			sourceTree = "<group>";
		};
		743137FC1F7241F000386153 = {
			isa = PBXGroup;
			children = (
				743138071F7241F000386153 /* BootCamp */,
				7431381F1F7241F000386153 /* BootCampTests */,
				7431382A1F7241F000386153 /* BootCampUITests */,
				743138061F7241F000386153 /* Products */,
				1C39B630560252572F98C147 /* Pods */,
				F540724E0B24324E821F7331 /* Frameworks */,
			);
			sourceTree = "<group>";
		};
		743138061F7241F000386153 /* Products */ = {
			isa = PBXGroup;
			children = (
				743138051F7241F000386153 /* BootCamp.app */,
				7431381C1F7241F000386153 /* BootCampTests.xctest */,
				743138271F7241F000386153 /* BootCampUITests.xctest */,
			);
			name = Products;
			sourceTree = "<group>";
		};
		743138071F7241F000386153 /* BootCamp */ = {
			isa = PBXGroup;
			children = (
				743138081F7241F000386153 /* AppDelegate.swift */,
				7431380A1F7241F000386153 /* ViewController.swift */,
				7431380C1F7241F000386153 /* Main.storyboard */,
				743138121F7241F000386153 /* Assets.xcassets */,
				743138141F7241F000386153 /* LaunchScreen.storyboard */,
				743138171F7241F000386153 /* Info.plist */,
				7431380F1F7241F000386153 /* BootCamp.xcdatamodeld */,
				743138391F724B3B00386153 /* Utility.swift */,
			);
			path = BootCamp;
			sourceTree = "<group>";
		};
		7431381F1F7241F000386153 /* BootCampTests */ = {
			isa = PBXGroup;
			children = (
				743138201F7241F000386153 /* BootCampTests.swift */,
				743138221F7241F000386153 /* Info.plist */,
			);
			path = BootCampTests;
			sourceTree = "<group>";
		};
		7431382A1F7241F000386153 /* BootCampUITests */ = {
			isa = PBXGroup;
			children = (
				7431382B1F7241F000386153 /* BootCampUITests.swift */,
				7431382D1F7241F000386153 /* Info.plist */,
			);
			path = BootCampUITests;
			sourceTree = "<group>";
		};
		F540724E0B24324E821F7331 /* Frameworks */ = {
			isa = PBXGroup;
			children = (
				7DCD097DF54C7C831695C15D /* Pods_BootCamp.framework */,
				95567BC8DEF9A4177EBA8DD2 /* Pods_BootCampTests.framework */,
				36AECDF0DB215A99B891F773 /* Pods_BootCampUITests.framework */,
			);
			name = Frameworks;
			sourceTree = "<group>";
		};
/* End PBXGroup section */

/* Begin PBXNativeTarget section */
		743138041F7241F000386153 /* BootCamp */ = {
			isa = PBXNativeTarget;
			buildConfigurationList = 743138301F7241F000386153 /* Build configuration list for PBXNativeTarget "BootCamp" */;
			buildPhases = (
				699DE5269C4011515DE0D2D1 /* [CP] Check Pods Manifest.lock */,
				743138011F7241F000386153 /* Sources */,
				743138021F7241F000386153 /* Frameworks */,
				743138031F7241F000386153 /* Resources */,
				5C43A2EAF03C942B284F1C61 /* [CP] Embed Pods Frameworks */,
				34292803FA190816EA339130 /* [CP] Copy Pods Resources */,
			);
			buildRules = (
			);
			dependencies = (
			);
			name = BootCamp;
			productName = BootCamp;
			productReference = 743138051F7241F000386153 /* BootCamp.app */;
			productType = "com.apple.product-type.application";
		};
		7431381B1F7241F000386153 /* BootCampTests */ = {
			isa = PBXNativeTarget;
			buildConfigurationList = 743138331F7241F000386153 /* Build configuration list for PBXNativeTarget "BootCampTests" */;
			buildPhases = (
				2F210037E42810626BD86D30 /* [CP] Check Pods Manifest.lock */,
				743138181F7241F000386153 /* Sources */,
				743138191F7241F000386153 /* Frameworks */,
				7431381A1F7241F000386153 /* Resources */,
				E2EFC380FFE9CA73AFBC8EC1 /* [CP] Embed Pods Frameworks */,
				93B0D290C7D966DF6DF4813B /* [CP] Copy Pods Resources */,
			);
			buildRules = (
			);
			dependencies = (
				7431381E1F7241F000386153 /* PBXTargetDependency */,
			);
			name = BootCampTests;
			productName = BootCampTests;
			productReference = 7431381C1F7241F000386153 /* BootCampTests.xctest */;
			productType = "com.apple.product-type.bundle.unit-test";
		};
		743138261F7241F000386153 /* BootCampUITests */ = {
			isa = PBXNativeTarget;
			buildConfigurationList = 743138361F7241F000386153 /* Build configuration list for PBXNativeTarget "BootCampUITests" */;
			buildPhases = (
				68F7B98E9EFFFC24FBAF3EA0 /* [CP] Check Pods Manifest.lock */,
				743138231F7241F000386153 /* Sources */,
				743138241F7241F000386153 /* Frameworks */,
				743138251F7241F000386153 /* Resources */,
				65613F67141B0535B34AB9C5 /* [CP] Embed Pods Frameworks */,
				D2B077BE377518CB18F3CB55 /* [CP] Copy Pods Resources */,
			);
			buildRules = (
			);
			dependencies = (
				743138291F7241F000386153 /* PBXTargetDependency */,
			);
			name = BootCampUITests;
			productName = BootCampUITests;
			productReference = 743138271F7241F000386153 /* BootCampUITests.xctest */;
			productType = "com.apple.product-type.bundle.ui-testing";
		};
/* End PBXNativeTarget section */

/* Begin PBXProject section */
		743137FD1F7241F000386153 /* Project object */ = {
			isa = PBXProject;
			attributes = {
				LastSwiftUpdateCheck = 0830;
				LastUpgradeCheck = 0830;
				ORGANIZATIONNAME = StarKnights;
				TargetAttributes = {
					743138041F7241F000386153 = {
						CreatedOnToolsVersion = 8.3.2;
						DevelopmentTeam = YUEC6KT37S;
						ProvisioningStyle = Automatic;
					};
					7431381B1F7241F000386153 = {
						CreatedOnToolsVersion = 8.3.2;
						DevelopmentTeam = YUEC6KT37S;
						ProvisioningStyle = Automatic;
						TestTargetID = 743138041F7241F000386153;
					};
					743138261F7241F000386153 = {
						CreatedOnToolsVersion = 8.3.2;
						DevelopmentTeam = YUEC6KT37S;
						ProvisioningStyle = Automatic;
						TestTargetID = 743138041F7241F000386153;
					};
				};
			};
			buildConfigurationList = 743138001F7241F000386153 /* Build configuration list for PBXProject "BootCamp" */;
			compatibilityVersion = "Xcode 3.2";
			developmentRegion = English;
			hasScannedForEncodings = 0;
			knownRegions = (
				en,
				Base,
			);
			mainGroup = 743137FC1F7241F000386153;
			productRefGroup = 743138061F7241F000386153 /* Products */;
			projectDirPath = "";
			projectRoot = "";
			targets = (
				743138041F7241F000386153 /* BootCamp */,
				7431381B1F7241F000386153 /* BootCampTests */,
				743138261F7241F000386153 /* BootCampUITests */,
			);
		};
/* End PBXProject section */

/* Begin PBXResourcesBuildPhase section */
		743138031F7241F000386153 /* Resources */ = {
			isa = PBXResourcesBuildPhase;
			buildActionMask = 2147483647;
			files = (
				743138161F7241F000386153 /* LaunchScreen.storyboard in Resources */,
				743138131F7241F000386153 /* Assets.xcassets in Resources */,
				7431380E1F7241F000386153 /* Main.storyboard in Resources */,
			);
			runOnlyForDeploymentPostprocessing = 0;
		};
		7431381A1F7241F000386153 /* Resources */ = {
			isa = PBXResourcesBuildPhase;
			buildActionMask = 2147483647;
			files = (
			);
			runOnlyForDeploymentPostprocessing = 0;
		};
		743138251F7241F000386153 /* Resources */ = {
			isa = PBXResourcesBuildPhase;
			buildActionMask = 2147483647;
			files = (
			);
			runOnlyForDeploymentPostprocessing = 0;
		};
/* End PBXResourcesBuildPhase section */

/* Begin PBXShellScriptBuildPhase section */
		2F210037E42810626BD86D30 /* [CP] Check Pods Manifest.lock */ = {
			isa = PBXShellScriptBuildPhase;
			buildActionMask = 2147483647;
			files = (
			);
			inputPaths = (
			);
			name = "[CP] Check Pods Manifest.lock";
			outputPaths = (
			);
			runOnlyForDeploymentPostprocessing = 0;
			shellPath = /bin/sh;
			shellScript = "diff \"${PODS_ROOT}/../Podfile.lock\" \"${PODS_ROOT}/Manifest.lock\" > /dev/null\nif [ $? != 0 ] ; then\n    # print error to STDERR\n    echo \"error: The sandbox is not in sync with the Podfile.lock. Run 'pod install' or update your CocoaPods installation.\" >&2\n    exit 1\nfi\n";
			showEnvVarsInLog = 0;
		};
		34292803FA190816EA339130 /* [CP] Copy Pods Resources */ = {
			isa = PBXShellScriptBuildPhase;
			buildActionMask = 2147483647;
			files = (
			);
			inputPaths = (
			);
			name = "[CP] Copy Pods Resources";
			outputPaths = (
			);
			runOnlyForDeploymentPostprocessing = 0;
			shellPath = /bin/sh;
			shellScript = "\"${SRCROOT}/Pods/Target Support Files/Pods-BootCamp/Pods-BootCamp-resources.sh\"\n";
			showEnvVarsInLog = 0;
		};
		5C43A2EAF03C942B284F1C61 /* [CP] Embed Pods Frameworks */ = {
			isa = PBXShellScriptBuildPhase;
			buildActionMask = 2147483647;
			files = (
			);
			inputPaths = (
			);
			name = "[CP] Embed Pods Frameworks";
			outputPaths = (
			);
			runOnlyForDeploymentPostprocessing = 0;
			shellPath = /bin/sh;
			shellScript = "\"${SRCROOT}/Pods/Target Support Files/Pods-BootCamp/Pods-BootCamp-frameworks.sh\"\n";
			showEnvVarsInLog = 0;
		};
		65613F67141B0535B34AB9C5 /* [CP] Embed Pods Frameworks */ = {
			isa = PBXShellScriptBuildPhase;
			buildActionMask = 2147483647;
			files = (
			);
			inputPaths = (
			);
			name = "[CP] Embed Pods Frameworks";
			outputPaths = (
			);
			runOnlyForDeploymentPostprocessing = 0;
			shellPath = /bin/sh;
			shellScript = "\"${SRCROOT}/Pods/Target Support Files/Pods-BootCampUITests/Pods-BootCampUITests-frameworks.sh\"\n";
			showEnvVarsInLog = 0;
		};
		68F7B98E9EFFFC24FBAF3EA0 /* [CP] Check Pods Manifest.lock */ = {
			isa = PBXShellScriptBuildPhase;
			buildActionMask = 2147483647;
			files = (
			);
			inputPaths = (
			);
			name = "[CP] Check Pods Manifest.lock";
			outputPaths = (
			);
			runOnlyForDeploymentPostprocessing = 0;
			shellPath = /bin/sh;
			shellScript = "diff \"${PODS_ROOT}/../Podfile.lock\" \"${PODS_ROOT}/Manifest.lock\" > /dev/null\nif [ $? != 0 ] ; then\n    # print error to STDERR\n    echo \"error: The sandbox is not in sync with the Podfile.lock. Run 'pod install' or update your CocoaPods installation.\" >&2\n    exit 1\nfi\n";
			showEnvVarsInLog = 0;
		};
		699DE5269C4011515DE0D2D1 /* [CP] Check Pods Manifest.lock */ = {
			isa = PBXShellScriptBuildPhase;
			buildActionMask = 2147483647;
			files = (
			);
			inputPaths = (
			);
			name = "[CP] Check Pods Manifest.lock";
			outputPaths = (
			);
			runOnlyForDeploymentPostprocessing = 0;
			shellPath = /bin/sh;
			shellScript = "diff \"${PODS_ROOT}/../Podfile.lock\" \"${PODS_ROOT}/Manifest.lock\" > /dev/null\nif [ $? != 0 ] ; then\n    # print error to STDERR\n    echo \"error: The sandbox is not in sync with the Podfile.lock. Run 'pod install' or update your CocoaPods installation.\" >&2\n    exit 1\nfi\n";
			showEnvVarsInLog = 0;
		};
		93B0D290C7D966DF6DF4813B /* [CP] Copy Pods Resources */ = {
			isa = PBXShellScriptBuildPhase;
			buildActionMask = 2147483647;
			files = (
			);
			inputPaths = (
			);
			name = "[CP] Copy Pods Resources";
			outputPaths = (
			);
			runOnlyForDeploymentPostprocessing = 0;
			shellPath = /bin/sh;
			shellScript = "\"${SRCROOT}/Pods/Target Support Files/Pods-BootCampTests/Pods-BootCampTests-resources.sh\"\n";
			showEnvVarsInLog = 0;
		};
		D2B077BE377518CB18F3CB55 /* [CP] Copy Pods Resources */ = {
			isa = PBXShellScriptBuildPhase;
			buildActionMask = 2147483647;
			files = (
			);
			inputPaths = (
			);
			name = "[CP] Copy Pods Resources";
			outputPaths = (
			);
			runOnlyForDeploymentPostprocessing = 0;
			shellPath = /bin/sh;
			shellScript = "\"${SRCROOT}/Pods/Target Support Files/Pods-BootCampUITests/Pods-BootCampUITests-resources.sh\"\n";
			showEnvVarsInLog = 0;
		};
		E2EFC380FFE9CA73AFBC8EC1 /* [CP] Embed Pods Frameworks */ = {
			isa = PBXShellScriptBuildPhase;
			buildActionMask = 2147483647;
			files = (
			);
			inputPaths = (
			);
			name = "[CP] Embed Pods Frameworks";
			outputPaths = (
			);
			runOnlyForDeploymentPostprocessing = 0;
			shellPath = /bin/sh;
			shellScript = "\"${SRCROOT}/Pods/Target Support Files/Pods-BootCampTests/Pods-BootCampTests-frameworks.sh\"\n";
			showEnvVarsInLog = 0;
		};
/* End PBXShellScriptBuildPhase section */

/* Begin PBXSourcesBuildPhase section */
		743138011F7241F000386153 /* Sources */ = {
			isa = PBXSourcesBuildPhase;
			buildActionMask = 2147483647;
			files = (
				7431383A1F724B3B00386153 /* Utility.swift in Sources */,
				7431380B1F7241F000386153 /* ViewController.swift in Sources */,
				743138111F7241F000386153 /* BootCamp.xcdatamodeld in Sources */,
				743138091F7241F000386153 /* AppDelegate.swift in Sources */,
			);
			runOnlyForDeploymentPostprocessing = 0;
		};
		743138181F7241F000386153 /* Sources */ = {
			isa = PBXSourcesBuildPhase;
			buildActionMask = 2147483647;
			files = (
				7431383B1F72560300386153 /* Utility.swift in Sources */,
				743138211F7241F000386153 /* BootCampTests.swift in Sources */,
			);
			runOnlyForDeploymentPostprocessing = 0;
		};
		743138231F7241F000386153 /* Sources */ = {
			isa = PBXSourcesBuildPhase;
			buildActionMask = 2147483647;
			files = (
				7431382C1F7241F000386153 /* BootCampUITests.swift in Sources */,
			);
			runOnlyForDeploymentPostprocessing = 0;
		};
/* End PBXSourcesBuildPhase section */

/* Begin PBXTargetDependency section */
		7431381E1F7241F000386153 /* PBXTargetDependency */ = {
			isa = PBXTargetDependency;
			target = 743138041F7241F000386153 /* BootCamp */;
			targetProxy = 7431381D1F7241F000386153 /* PBXContainerItemProxy */;
		};
		743138291F7241F000386153 /* PBXTargetDependency */ = {
			isa = PBXTargetDependency;
			target = 743138041F7241F000386153 /* BootCamp */;
			targetProxy = 743138281F7241F000386153 /* PBXContainerItemProxy */;
		};
/* End PBXTargetDependency section */

/* Begin PBXVariantGroup section */
		7431380C1F7241F000386153 /* Main.storyboard */ = {
			isa = PBXVariantGroup;
			children = (
				7431380D1F7241F000386153 /* Base */,
			);
			name = Main.storyboard;
			sourceTree = "<group>";
		};
		743138141F7241F000386153 /* LaunchScreen.storyboard */ = {
			isa = PBXVariantGroup;
			children = (
				743138151F7241F000386153 /* Base */,
			);
			name = LaunchScreen.storyboard;
			sourceTree = "<group>";
		};
/* End PBXVariantGroup section */

/* Begin XCBuildConfiguration section */
		7431382E1F7241F000386153 /* Debug */ = {
			isa = XCBuildConfiguration;
			buildSettings = {
				ALWAYS_SEARCH_USER_PATHS = NO;
				CLANG_ANALYZER_NONNULL = YES;
				CLANG_ANALYZER_NUMBER_OBJECT_CONVERSION = YES_AGGRESSIVE;
				CLANG_CXX_LANGUAGE_STANDARD = "gnu++0x";
				CLANG_CXX_LIBRARY = "libc++";
				CLANG_ENABLE_MODULES = YES;
				CLANG_ENABLE_OBJC_ARC = YES;
				CLANG_WARN_BOOL_CONVERSION = YES;
				CLANG_WARN_CONSTANT_CONVERSION = YES;
				CLANG_WARN_DIRECT_OBJC_ISA_USAGE = YES_ERROR;
				CLANG_WARN_DOCUMENTATION_COMMENTS = YES;
				CLANG_WARN_EMPTY_BODY = YES;
				CLANG_WARN_ENUM_CONVERSION = YES;
				CLANG_WARN_INFINITE_RECURSION = YES;
				CLANG_WARN_INT_CONVERSION = YES;
				CLANG_WARN_OBJC_ROOT_CLASS = YES_ERROR;
				CLANG_WARN_SUSPICIOUS_MOVE = YES;
				CLANG_WARN_UNREACHABLE_CODE = YES;
				CLANG_WARN__DUPLICATE_METHOD_MATCH = YES;
				"CODE_SIGN_IDENTITY[sdk=iphoneos*]" = "iPhone Developer";
				COPY_PHASE_STRIP = NO;
				DEBUG_INFORMATION_FORMAT = dwarf;
				ENABLE_STRICT_OBJC_MSGSEND = YES;
				ENABLE_TESTABILITY = YES;
				GCC_C_LANGUAGE_STANDARD = gnu99;
				GCC_DYNAMIC_NO_PIC = NO;
				GCC_NO_COMMON_BLOCKS = YES;
				GCC_OPTIMIZATION_LEVEL = 0;
				GCC_PREPROCESSOR_DEFINITIONS = (
					"DEBUG=1",
					"$(inherited)",
				);
				GCC_WARN_64_TO_32_BIT_CONVERSION = YES;
				GCC_WARN_ABOUT_RETURN_TYPE = YES_ERROR;
				GCC_WARN_UNDECLARED_SELECTOR = YES;
				GCC_WARN_UNINITIALIZED_AUTOS = YES_AGGRESSIVE;
				GCC_WARN_UNUSED_FUNCTION = YES;
				GCC_WARN_UNUSED_VARIABLE = YES;
				IPHONEOS_DEPLOYMENT_TARGET = 10.3;
				MTL_ENABLE_DEBUG_INFO = YES;
				ONLY_ACTIVE_ARCH = YES;
				SDKROOT = iphoneos;
				SWIFT_ACTIVE_COMPILATION_CONDITIONS = DEBUG;
				SWIFT_OPTIMIZATION_LEVEL = "-Onone";
			};
			name = Debug;
		};
		7431382F1F7241F000386153 /* Release */ = {
			isa = XCBuildConfiguration;
			buildSettings = {
				ALWAYS_SEARCH_USER_PATHS = NO;
				CLANG_ANALYZER_NONNULL = YES;
				CLANG_ANALYZER_NUMBER_OBJECT_CONVERSION = YES_AGGRESSIVE;
				CLANG_CXX_LANGUAGE_STANDARD = "gnu++0x";
				CLANG_CXX_LIBRARY = "libc++";
				CLANG_ENABLE_MODULES = YES;
				CLANG_ENABLE_OBJC_ARC = YES;
				CLANG_WARN_BOOL_CONVERSION = YES;
				CLANG_WARN_CONSTANT_CONVERSION = YES;
				CLANG_WARN_DIRECT_OBJC_ISA_USAGE = YES_ERROR;
				CLANG_WARN_DOCUMENTATION_COMMENTS = YES;
				CLANG_WARN_EMPTY_BODY = YES;
				CLANG_WARN_ENUM_CONVERSION = YES;
				CLANG_WARN_INFINITE_RECURSION = YES;
				CLANG_WARN_INT_CONVERSION = YES;
				CLANG_WARN_OBJC_ROOT_CLASS = YES_ERROR;
				CLANG_WARN_SUSPICIOUS_MOVE = YES;
				CLANG_WARN_UNREACHABLE_CODE = YES;
				CLANG_WARN__DUPLICATE_METHOD_MATCH = YES;
				"CODE_SIGN_IDENTITY[sdk=iphoneos*]" = "iPhone Developer";
				COPY_PHASE_STRIP = NO;
				DEBUG_INFORMATION_FORMAT = "dwarf-with-dsym";
				ENABLE_NS_ASSERTIONS = NO;
				ENABLE_STRICT_OBJC_MSGSEND = YES;
				GCC_C_LANGUAGE_STANDARD = gnu99;
				GCC_NO_COMMON_BLOCKS = YES;
				GCC_WARN_64_TO_32_BIT_CONVERSION = YES;
				GCC_WARN_ABOUT_RETURN_TYPE = YES_ERROR;
				GCC_WARN_UNDECLARED_SELECTOR = YES;
				GCC_WARN_UNINITIALIZED_AUTOS = YES_AGGRESSIVE;
				GCC_WARN_UNUSED_FUNCTION = YES;
				GCC_WARN_UNUSED_VARIABLE = YES;
				IPHONEOS_DEPLOYMENT_TARGET = 10.3;
				MTL_ENABLE_DEBUG_INFO = NO;
				SDKROOT = iphoneos;
				SWIFT_OPTIMIZATION_LEVEL = "-Owholemodule";
				VALIDATE_PRODUCT = YES;
			};
			name = Release;
		};
		743138311F7241F000386153 /* Debug */ = {
			isa = XCBuildConfiguration;
			baseConfigurationReference = FDD743F76A25BF90DA9E2B82 /* Pods-BootCamp.debug.xcconfig */;
			buildSettings = {
				ALWAYS_EMBED_SWIFT_STANDARD_LIBRARIES = "$(inherited)";
				ASSETCATALOG_COMPILER_APPICON_NAME = AppIcon;
				DEVELOPMENT_TEAM = YUEC6KT37S;
				INFOPLIST_FILE = BootCamp/Info.plist;
				LD_RUNPATH_SEARCH_PATHS = "$(inherited) @executable_path/Frameworks";
				PRODUCT_BUNDLE_IDENTIFIER = com.starknights.BootCamp;
				PRODUCT_NAME = "$(TARGET_NAME)";
				SWIFT_VERSION = 3.0;
			};
			name = Debug;
		};
		743138321F7241F000386153 /* Release */ = {
			isa = XCBuildConfiguration;
			baseConfigurationReference = E0A7F4340EE6D64E3B7B2D60 /* Pods-BootCamp.release.xcconfig */;
			buildSettings = {
				ALWAYS_EMBED_SWIFT_STANDARD_LIBRARIES = "$(inherited)";
				ASSETCATALOG_COMPILER_APPICON_NAME = AppIcon;
				DEVELOPMENT_TEAM = YUEC6KT37S;
				INFOPLIST_FILE = BootCamp/Info.plist;
				LD_RUNPATH_SEARCH_PATHS = "$(inherited) @executable_path/Frameworks";
				PRODUCT_BUNDLE_IDENTIFIER = com.starknights.BootCamp;
				PRODUCT_NAME = "$(TARGET_NAME)";
				SWIFT_VERSION = 3.0;
			};
			name = Release;
		};
		743138341F7241F000386153 /* Debug */ = {
			isa = XCBuildConfiguration;
			baseConfigurationReference = BA9B3EF9820FDDF964E472A3 /* Pods-BootCampTests.debug.xcconfig */;
			buildSettings = {
				ALWAYS_EMBED_SWIFT_STANDARD_LIBRARIES = "$(inherited)";
				BUNDLE_LOADER = "$(TEST_HOST)";
				DEVELOPMENT_TEAM = YUEC6KT37S;
				INFOPLIST_FILE = BootCampTests/Info.plist;
				LD_RUNPATH_SEARCH_PATHS = "$(inherited) @executable_path/Frameworks @loader_path/Frameworks";
				PRODUCT_BUNDLE_IDENTIFIER = com.starknights.BootCampTests;
				PRODUCT_NAME = "$(TARGET_NAME)";
				SWIFT_VERSION = 3.0;
				TEST_HOST = "$(BUILT_PRODUCTS_DIR)/BootCamp.app/BootCamp";
			};
			name = Debug;
		};
		743138351F7241F000386153 /* Release */ = {
			isa = XCBuildConfiguration;
			baseConfigurationReference = 72D434963627D98D5A12682F /* Pods-BootCampTests.release.xcconfig */;
			buildSettings = {
				ALWAYS_EMBED_SWIFT_STANDARD_LIBRARIES = "$(inherited)";
				BUNDLE_LOADER = "$(TEST_HOST)";
				DEVELOPMENT_TEAM = YUEC6KT37S;
				INFOPLIST_FILE = BootCampTests/Info.plist;
				LD_RUNPATH_SEARCH_PATHS = "$(inherited) @executable_path/Frameworks @loader_path/Frameworks";
				PRODUCT_BUNDLE_IDENTIFIER = com.starknights.BootCampTests;
				PRODUCT_NAME = "$(TARGET_NAME)";
				SWIFT_VERSION = 3.0;
				TEST_HOST = "$(BUILT_PRODUCTS_DIR)/BootCamp.app/BootCamp";
			};
			name = Release;
		};
		743138371F7241F000386153 /* Debug */ = {
			isa = XCBuildConfiguration;
			baseConfigurationReference = A4CECA709194C59209E8FB57 /* Pods-BootCampUITests.debug.xcconfig */;
			buildSettings = {
				ALWAYS_EMBED_SWIFT_STANDARD_LIBRARIES = "$(inherited)";
				DEVELOPMENT_TEAM = YUEC6KT37S;
				INFOPLIST_FILE = BootCampUITests/Info.plist;
				LD_RUNPATH_SEARCH_PATHS = "$(inherited) @executable_path/Frameworks @loader_path/Frameworks";
				PRODUCT_BUNDLE_IDENTIFIER = com.starknights.BootCampUITests;
				PRODUCT_NAME = "$(TARGET_NAME)";
				SWIFT_VERSION = 3.0;
				TEST_TARGET_NAME = BootCamp;
			};
			name = Debug;
		};
		743138381F7241F000386153 /* Release */ = {
			isa = XCBuildConfiguration;
			baseConfigurationReference = 79B1CD552C768F9720218790 /* Pods-BootCampUITests.release.xcconfig */;
			buildSettings = {
				ALWAYS_EMBED_SWIFT_STANDARD_LIBRARIES = "$(inherited)";
				DEVELOPMENT_TEAM = YUEC6KT37S;
				INFOPLIST_FILE = BootCampUITests/Info.plist;
				LD_RUNPATH_SEARCH_PATHS = "$(inherited) @executable_path/Frameworks @loader_path/Frameworks";
				PRODUCT_BUNDLE_IDENTIFIER = com.starknights.BootCampUITests;
				PRODUCT_NAME = "$(TARGET_NAME)";
				SWIFT_VERSION = 3.0;
				TEST_TARGET_NAME = BootCamp;
			};
			name = Release;
		};
/* End XCBuildConfiguration section */

/* Begin XCConfigurationList section */
		743138001F7241F000386153 /* Build configuration list for PBXProject "BootCamp" */ = {
			isa = XCConfigurationList;
			buildConfigurations = (
				7431382E1F7241F000386153 /* Debug */,
				7431382F1F7241F000386153 /* Release */,
			);
			defaultConfigurationIsVisible = 0;
			defaultConfigurationName = Release;
		};
		743138301F7241F000386153 /* Build configuration list for PBXNativeTarget "BootCamp" */ = {
			isa = XCConfigurationList;
			buildConfigurations = (
				743138311F7241F000386153 /* Debug */,
				743138321F7241F000386153 /* Release */,
			);
			defaultConfigurationIsVisible = 0;
			defaultConfigurationName = Release;
		};
		743138331F7241F000386153 /* Build configuration list for PBXNativeTarget "BootCampTests" */ = {
			isa = XCConfigurationList;
			buildConfigurations = (
				743138341F7241F000386153 /* Debug */,
				743138351F7241F000386153 /* Release */,
			);
			defaultConfigurationIsVisible = 0;
			defaultConfigurationName = Release;
		};
		743138361F7241F000386153 /* Build configuration list for PBXNativeTarget "BootCampUITests" */ = {
			isa = XCConfigurationList;
			buildConfigurations = (
				743138371F7241F000386153 /* Debug */,
				743138381F7241F000386153 /* Release */,
			);
			defaultConfigurationIsVisible = 0;
			defaultConfigurationName = Release;
		};
/* End XCConfigurationList section */

/* Begin XCVersionGroup section */
		7431380F1F7241F000386153 /* BootCamp.xcdatamodeld */ = {
			isa = XCVersionGroup;
			children = (
				743138101F7241F000386153 /* BootCamp.xcdatamodel */,
			);
			currentVersion = 743138101F7241F000386153 /* BootCamp.xcdatamodel */;
			path = BootCamp.xcdatamodeld;
			sourceTree = "<group>";
			versionGroupType = wrapper.xcdatamodel;
		};
/* End XCVersionGroup section */
	};
	rootObject = 743137FD1F7241F000386153 /* Project object */;
}
